// !$*UTF8*$!
{
	archiveVersion = 1;
	classes = {
	};
	objectVersion = 48;
	objects = {

/* Begin PBXBuildFile section */
		C63D0DE12027BAC000C7D5CC /* AppDelegate.swift in Sources */ = {isa = PBXBuildFile; fileRef = C63D0DE02027BAC000C7D5CC /* AppDelegate.swift */; };
		C63D0DE32027BAC100C7D5CC /* ViewController.swift in Sources */ = {isa = PBXBuildFile; fileRef = C63D0DE22027BAC100C7D5CC /* ViewController.swift */; };
		C63D0DE62027BAC100C7D5CC /* Main.storyboard in Resources */ = {isa = PBXBuildFile; fileRef = C63D0DE42027BAC100C7D5CC /* Main.storyboard */; };
		C63D0DE82027BAC100C7D5CC /* Assets.xcassets in Resources */ = {isa = PBXBuildFile; fileRef = C63D0DE72027BAC100C7D5CC /* Assets.xcassets */; };
		C63D0DEB2027BAC100C7D5CC /* LaunchScreen.storyboard in Resources */ = {isa = PBXBuildFile; fileRef = C63D0DE92027BAC100C7D5CC /* LaunchScreen.storyboard */; };
		C63D0DF62027BAC100C7D5CC /* TumblrAppTests.swift in Sources */ = {isa = PBXBuildFile; fileRef = C63D0DF52027BAC100C7D5CC /* TumblrAppTests.swift */; };
		C63D0E012027BAC100C7D5CC /* TumblrAppUITests.swift in Sources */ = {isa = PBXBuildFile; fileRef = C63D0E002027BAC100C7D5CC /* TumblrAppUITests.swift */; };
/* End PBXBuildFile section */

/* Begin PBXContainerItemProxy section */
		C63D0DF22027BAC100C7D5CC /* PBXContainerItemProxy */ = {
			isa = PBXContainerItemProxy;
			containerPortal = C63D0DD52027BAC000C7D5CC /* Project object */;
			proxyType = 1;
			remoteGlobalIDString = C63D0DDC2027BAC000C7D5CC;
			remoteInfo = TumblrApp;
		};
		C63D0DFD2027BAC100C7D5CC /* PBXContainerItemProxy */ = {
			isa = PBXContainerItemProxy;
			containerPortal = C63D0DD52027BAC000C7D5CC /* Project object */;
			proxyType = 1;
			remoteGlobalIDString = C63D0DDC2027BAC000C7D5CC;
			remoteInfo = TumblrApp;
		};
/* End PBXContainerItemProxy section */

/* Begin PBXFileReference section */
		C63D0DDD2027BAC000C7D5CC /* TumblrApp.app */ = {isa = PBXFileReference; explicitFileType = wrapper.application; includeInIndex = 0; path = TumblrApp.app; sourceTree = BUILT_PRODUCTS_DIR; };
		C63D0DE02027BAC000C7D5CC /* AppDelegate.swift */ = {isa = PBXFileReference; lastKnownFileType = sourcecode.swift; path = AppDelegate.swift; sourceTree = "<group>"; };
		C63D0DE22027BAC100C7D5CC /* ViewController.swift */ = {isa = PBXFileReference; lastKnownFileType = sourcecode.swift; path = ViewController.swift; sourceTree = "<group>"; };
		C63D0DE52027BAC100C7D5CC /* Base */ = {isa = PBXFileReference; lastKnownFileType = file.storyboard; name = Base; path = Base.lproj/Main.storyboard; sourceTree = "<group>"; };
		C63D0DE72027BAC100C7D5CC /* Assets.xcassets */ = {isa = PBXFileReference; lastKnownFileType = folder.assetcatalog; path = Assets.xcassets; sourceTree = "<group>"; };
		C63D0DEA2027BAC100C7D5CC /* Base */ = {isa = PBXFileReference; lastKnownFileType = file.storyboard; name = Base; path = Base.lproj/LaunchScreen.storyboard; sourceTree = "<group>"; };
		C63D0DEC2027BAC100C7D5CC /* Info.plist */ = {isa = PBXFileReference; lastKnownFileType = text.plist.xml; path = Info.plist; sourceTree = "<group>"; };
		C63D0DF12027BAC100C7D5CC /* TumblrAppTests.xctest */ = {isa = PBXFileReference; explicitFileType = wrapper.cfbundle; includeInIndex = 0; path = TumblrAppTests.xctest; sourceTree = BUILT_PRODUCTS_DIR; };
		C63D0DF52027BAC100C7D5CC /* TumblrAppTests.swift */ = {isa = PBXFileReference; lastKnownFileType = sourcecode.swift; path = TumblrAppTests.swift; sourceTree = "<group>"; };
		C63D0DF72027BAC100C7D5CC /* Info.plist */ = {isa = PBXFileReference; lastKnownFileType = text.plist.xml; path = Info.plist; sourceTree = "<group>"; };
		C63D0DFC2027BAC100C7D5CC /* TumblrAppUITests.xctest */ = {isa = PBXFileReference; explicitFileType = wrapper.cfbundle; includeInIndex = 0; path = TumblrAppUITests.xctest; sourceTree = BUILT_PRODUCTS_DIR; };
		C63D0E002027BAC100C7D5CC /* TumblrAppUITests.swift */ = {isa = PBXFileReference; lastKnownFileType = sourcecode.swift; path = TumblrAppUITests.swift; sourceTree = "<group>"; };
		C63D0E022027BAC100C7D5CC /* Info.plist */ = {isa = PBXFileReference; lastKnownFileType = text.plist.xml; path = Info.plist; sourceTree = "<group>"; };
/* End PBXFileReference section */

/* Begin PBXFrameworksBuildPhase section */
		C63D0DDA2027BAC000C7D5CC /* Frameworks */ = {
			isa = PBXFrameworksBuildPhase;
			buildActionMask = 2147483647;
			files = (
			);
			runOnlyForDeploymentPostprocessing = 0;
		};
		C63D0DEE2027BAC100C7D5CC /* Frameworks */ = {
			isa = PBXFrameworksBuildPhase;
			buildActionMask = 2147483647;
			files = (
			);
			runOnlyForDeploymentPostprocessing = 0;
		};
		C63D0DF92027BAC100C7D5CC /* Frameworks */ = {
			isa = PBXFrameworksBuildPhase;
			buildActionMask = 2147483647;
			files = (
			);
			runOnlyForDeploymentPostprocessing = 0;
		};
/* End PBXFrameworksBuildPhase section */

/* Begin PBXGroup section */
		C63D0DD42027BAC000C7D5CC = {
			isa = PBXGroup;
			children = (
				C63D0DDF2027BAC000C7D5CC /* TumblrApp */,
				C63D0DF42027BAC100C7D5CC /* TumblrAppTests */,
				C63D0DFF2027BAC100C7D5CC /* TumblrAppUITests */,
				C63D0DDE2027BAC000C7D5CC /* Products */,
			);
			sourceTree = "<group>";
		};
		C63D0DDE2027BAC000C7D5CC /* Products */ = {
			isa = PBXGroup;
			children = (
				C63D0DDD2027BAC000C7D5CC /* TumblrApp.app */,
				C63D0DF12027BAC100C7D5CC /* TumblrAppTests.xctest */,
				C63D0DFC2027BAC100C7D5CC /* TumblrAppUITests.xctest */,
			);
			name = Products;
			sourceTree = "<group>";
		};
		C63D0DDF2027BAC000C7D5CC /* TumblrApp */ = {
			isa = PBXGroup;
			children = (
				C63D0DE02027BAC000C7D5CC /* AppDelegate.swift */,
				C63D0DE22027BAC100C7D5CC /* ViewController.swift */,
				C63D0DE42027BAC100C7D5CC /* Main.storyboard */,
				C63D0DE72027BAC100C7D5CC /* Assets.xcassets */,
				C63D0DE92027BAC100C7D5CC /* LaunchScreen.storyboard */,
				C63D0DEC2027BAC100C7D5CC /* Info.plist */,
			);
			path = TumblrApp;
			sourceTree = "<group>";
		};
		C63D0DF42027BAC100C7D5CC /* TumblrAppTests */ = {
			isa = PBXGroup;
			children = (
				C63D0DF52027BAC100C7D5CC /* TumblrAppTests.swift */,
				C63D0DF72027BAC100C7D5CC /* Info.plist */,
			);
			path = TumblrAppTests;
			sourceTree = "<group>";
		};
		C63D0DFF2027BAC100C7D5CC /* TumblrAppUITests */ = {
			isa = PBXGroup;
			children = (
				C63D0E002027BAC100C7D5CC /* TumblrAppUITests.swift */,
				C63D0E022027BAC100C7D5CC /* Info.plist */,
			);
			path = TumblrAppUITests;
			sourceTree = "<group>";
		};
/* End PBXGroup section */

/* Begin PBXNativeTarget section */
		C63D0DDC2027BAC000C7D5CC /* TumblrApp */ = {
			isa = PBXNativeTarget;
			buildConfigurationList = C63D0E052027BAC100C7D5CC /* Build configuration list for PBXNativeTarget "TumblrApp" */;
			buildPhases = (
				C63D0DD92027BAC000C7D5CC /* Sources */,
				C63D0DDA2027BAC000C7D5CC /* Frameworks */,
				C63D0DDB2027BAC000C7D5CC /* Resources */,
			);
			buildRules = (
			);
			dependencies = (
			);
			name = TumblrApp;
			productName = TumblrApp;
			productReference = C63D0DDD2027BAC000C7D5CC /* TumblrApp.app */;
			productType = "com.apple.product-type.application";
		};
		C63D0DF02027BAC100C7D5CC /* TumblrAppTests */ = {
			isa = PBXNativeTarget;
			buildConfigurationList = C63D0E082027BAC100C7D5CC /* Build configuration list for PBXNativeTarget "TumblrAppTests" */;
			buildPhases = (
				C63D0DED2027BAC100C7D5CC /* Sources */,
				C63D0DEE2027BAC100C7D5CC /* Frameworks */,
				C63D0DEF2027BAC100C7D5CC /* Resources */,
			);
			buildRules = (
			);
			dependencies = (
				C63D0DF32027BAC100C7D5CC /* PBXTargetDependency */,
			);
			name = TumblrAppTests;
			productName = TumblrAppTests;
			productReference = C63D0DF12027BAC100C7D5CC /* TumblrAppTests.xctest */;
			productType = "com.apple.product-type.bundle.unit-test";
		};
		C63D0DFB2027BAC100C7D5CC /* TumblrAppUITests */ = {
			isa = PBXNativeTarget;
			buildConfigurationList = C63D0E0B2027BAC100C7D5CC /* Build configuration list for PBXNativeTarget "TumblrAppUITests" */;
			buildPhases = (
				C63D0DF82027BAC100C7D5CC /* Sources */,
				C63D0DF92027BAC100C7D5CC /* Frameworks */,
				C63D0DFA2027BAC100C7D5CC /* Resources */,
			);
			buildRules = (
			);
			dependencies = (
				C63D0DFE2027BAC100C7D5CC /* PBXTargetDependency */,
			);
			name = TumblrAppUITests;
			productName = TumblrAppUITests;
			productReference = C63D0DFC2027BAC100C7D5CC /* TumblrAppUITests.xctest */;
			productType = "com.apple.product-type.bundle.ui-testing";
		};
/* End PBXNativeTarget section */

/* Begin PBXProject section */
		C63D0DD52027BAC000C7D5CC /* Project object */ = {
			isa = PBXProject;
			attributes = {
				LastSwiftUpdateCheck = 0920;
				LastUpgradeCheck = 0920;
				ORGANIZATIONNAME = "William D.";
				TargetAttributes = {
					C63D0DDC2027BAC000C7D5CC = {
						CreatedOnToolsVersion = 9.2;
						ProvisioningStyle = Automatic;
					};
					C63D0DF02027BAC100C7D5CC = {
						CreatedOnToolsVersion = 9.2;
						ProvisioningStyle = Automatic;
						TestTargetID = C63D0DDC2027BAC000C7D5CC;
					};
					C63D0DFB2027BAC100C7D5CC = {
						CreatedOnToolsVersion = 9.2;
						ProvisioningStyle = Automatic;
						TestTargetID = C63D0DDC2027BAC000C7D5CC;
					};
				};
			};
			buildConfigurationList = C63D0DD82027BAC000C7D5CC /* Build configuration list for PBXProject "TumblrApp" */;
			compatibilityVersion = "Xcode 8.0";
			developmentRegion = en;
			hasScannedForEncodings = 0;
			knownRegions = (
				en,
				Base,
			);
			mainGroup = C63D0DD42027BAC000C7D5CC;
			productRefGroup = C63D0DDE2027BAC000C7D5CC /* Products */;
			projectDirPath = "";
			projectRoot = "";
			targets = (
				C63D0DDC2027BAC000C7D5CC /* TumblrApp */,
				C63D0DF02027BAC100C7D5CC /* TumblrAppTests */,
				C63D0DFB2027BAC100C7D5CC /* TumblrAppUITests */,
			);
		};
/* End PBXProject section */

/* Begin PBXResourcesBuildPhase section */
		C63D0DDB2027BAC000C7D5CC /* Resources */ = {
			isa = PBXResourcesBuildPhase;
			buildActionMask = 2147483647;
			files = (
				C63D0DEB2027BAC100C7D5CC /* LaunchScreen.storyboard in Resources */,
				C63D0DE82027BAC100C7D5CC /* Assets.xcassets in Resources */,
				C63D0DE62027BAC100C7D5CC /* Main.storyboard in Resources */,
			);
			runOnlyForDeploymentPostprocessing = 0;
		};
		C63D0DEF2027BAC100C7D5CC /* Resources */ = {
			isa = PBXResourcesBuildPhase;
			buildActionMask = 2147483647;
			files = (
			);
			runOnlyForDeploymentPostprocessing = 0;
		};
		C63D0DFA2027BAC100C7D5CC /* Resources */ = {
			isa = PBXResourcesBuildPhase;
			buildActionMask = 2147483647;
			files = (
			);
			runOnlyForDeploymentPostprocessing = 0;
		};
/* End PBXResourcesBuildPhase section */

/* Begin PBXSourcesBuildPhase section */
		C63D0DD92027BAC000C7D5CC /* Sources */ = {
			isa = PBXSourcesBuildPhase;
			buildActionMask = 2147483647;
			files = (
				C63D0DE32027BAC100C7D5CC /* ViewController.swift in Sources */,
				C63D0DE12027BAC000C7D5CC /* AppDelegate.swift in Sources */,
			);
			runOnlyForDeploymentPostprocessing = 0;
		};
		C63D0DED2027BAC100C7D5CC /* Sources */ = {
			isa = PBXSourcesBuildPhase;
			buildActionMask = 2147483647;
			files = (
				C63D0DF62027BAC100C7D5CC /* TumblrAppTests.swift in Sources */,
			);
			runOnlyForDeploymentPostprocessing = 0;
		};
		C63D0DF82027BAC100C7D5CC /* Sources */ = {
			isa = PBXSourcesBuildPhase;
			buildActionMask = 2147483647;
			files = (
				C63D0E012027BAC100C7D5CC /* TumblrAppUITests.swift in Sources */,
			);
			runOnlyForDeploymentPostprocessing = 0;
		};
/* End PBXSourcesBuildPhase section */

/* Begin PBXTargetDependency section */
		C63D0DF32027BAC100C7D5CC /* PBXTargetDependency */ = {
			isa = PBXTargetDependency;
			target = C63D0DDC2027BAC000C7D5CC /* TumblrApp */;
			targetProxy = C63D0DF22027BAC100C7D5CC /* PBXContainerItemProxy */;
		};
		C63D0DFE2027BAC100C7D5CC /* PBXTargetDependency */ = {
			isa = PBXTargetDependency;
			target = C63D0DDC2027BAC000C7D5CC /* TumblrApp */;
			targetProxy = C63D0DFD2027BAC100C7D5CC /* PBXContainerItemProxy */;
		};
/* End PBXTargetDependency section */

/* Begin PBXVariantGroup section */
		C63D0DE42027BAC100C7D5CC /* Main.storyboard */ = {
			isa = PBXVariantGroup;
			children = (
				C63D0DE52027BAC100C7D5CC /* Base */,
			);
			name = Main.storyboard;
			sourceTree = "<group>";
		};
		C63D0DE92027BAC100C7D5CC /* LaunchScreen.storyboard */ = {
			isa = PBXVariantGroup;
			children = (
				C63D0DEA2027BAC100C7D5CC /* Base */,
			);
			name = LaunchScreen.storyboard;
			sourceTree = "<group>";
		};
/* End PBXVariantGroup section */

/* Begin XCBuildConfiguration section */
		C63D0E032027BAC100C7D5CC /* Debug */ = {
			isa = XCBuildConfiguration;
			buildSettings = {
				ALWAYS_SEARCH_USER_PATHS = NO;
				CLANG_ANALYZER_NONNULL = YES;
				CLANG_ANALYZER_NUMBER_OBJECT_CONVERSION = YES_AGGRESSIVE;
				CLANG_CXX_LANGUAGE_STANDARD = "gnu++14";
				CLANG_CXX_LIBRARY = "libc++";
				CLANG_ENABLE_MODULES = YES;
				CLANG_ENABLE_OBJC_ARC = YES;
				CLANG_WARN_BLOCK_CAPTURE_AUTORELEASING = YES;
				CLANG_WARN_BOOL_CONVERSION = YES;
				CLANG_WARN_COMMA = YES;
				CLANG_WARN_CONSTANT_CONVERSION = YES;
				CLANG_WARN_DIRECT_OBJC_ISA_USAGE = YES_ERROR;
				CLANG_WARN_DOCUMENTATION_COMMENTS = YES;
				CLANG_WARN_EMPTY_BODY = YES;
				CLANG_WARN_ENUM_CONVERSION = YES;
				CLANG_WARN_INFINITE_RECURSION = YES;
				CLANG_WARN_INT_CONVERSION = YES;
				CLANG_WARN_NON_LITERAL_NULL_CONVERSION = YES;
				CLANG_WARN_OBJC_LITERAL_CONVERSION = YES;
				CLANG_WARN_OBJC_ROOT_CLASS = YES_ERROR;
				CLANG_WARN_RANGE_LOOP_ANALYSIS = YES;
				CLANG_WARN_STRICT_PROTOTYPES = YES;
				CLANG_WARN_SUSPICIOUS_MOVE = YES;
				CLANG_WARN_UNGUARDED_AVAILABILITY = YES_AGGRESSIVE;
				CLANG_WARN_UNREACHABLE_CODE = YES;
				CLANG_WARN__DUPLICATE_METHOD_MATCH = YES;
				CODE_SIGN_IDENTITY = "iPhone Developer";
				COPY_PHASE_STRIP = NO;
				DEBUG_INFORMATION_FORMAT = dwarf;
				ENABLE_STRICT_OBJC_MSGSEND = YES;
				ENABLE_TESTABILITY = YES;
				GCC_C_LANGUAGE_STANDARD = gnu11;
				GCC_DYNAMIC_NO_PIC = NO;
				GCC_NO_COMMON_BLOCKS = YES;
				GCC_OPTIMIZATION_LEVEL = 0;
				GCC_PREPROCESSOR_DEFINITIONS = (
					"DEBUG=1",
					"$(inherited)",
				);
				GCC_WARN_64_TO_32_BIT_CONVERSION = YES;
				GCC_WARN_ABOUT_RETURN_TYPE = YES_ERROR;
				GCC_WARN_UNDECLARED_SELECTOR = YES;
				GCC_WARN_UNINITIALIZED_AUTOS = YES_AGGRESSIVE;
				GCC_WARN_UNUSED_FUNCTION = YES;
				GCC_WARN_UNUSED_VARIABLE = YES;
				IPHONEOS_DEPLOYMENT_TARGET = 11.2;
				MTL_ENABLE_DEBUG_INFO = YES;
				ONLY_ACTIVE_ARCH = YES;
				SDKROOT = iphoneos;
				SWIFT_ACTIVE_COMPILATION_CONDITIONS = DEBUG;
				SWIFT_OPTIMIZATION_LEVEL = "-Onone";
			};
			name = Debug;
		};
		C63D0E042027BAC100C7D5CC /* Release */ = {
			isa = XCBuildConfiguration;
			buildSettings = {
				ALWAYS_SEARCH_USER_PATHS = NO;
				CLANG_ANALYZER_NONNULL = YES;
				CLANG_ANALYZER_NUMBER_OBJECT_CONVERSION = YES_AGGRESSIVE;
				CLANG_CXX_LANGUAGE_STANDARD = "gnu++14";
				CLANG_CXX_LIBRARY = "libc++";
				CLANG_ENABLE_MODULES = YES;
				CLANG_ENABLE_OBJC_ARC = YES;
				CLANG_WARN_BLOCK_CAPTURE_AUTORELEASING = YES;
				CLANG_WARN_BOOL_CONVERSION = YES;
				CLANG_WARN_COMMA = YES;
				CLANG_WARN_CONSTANT_CONVERSION = YES;
				CLANG_WARN_DIRECT_OBJC_ISA_USAGE = YES_ERROR;
				CLANG_WARN_DOCUMENTATION_COMMENTS = YES;
				CLANG_WARN_EMPTY_BODY = YES;
				CLANG_WARN_ENUM_CONVERSION = YES;
				CLANG_WARN_INFINITE_RECURSION = YES;
				CLANG_WARN_INT_CONVERSION = YES;
				CLANG_WARN_NON_LITERAL_NULL_CONVERSION = YES;
				CLANG_WARN_OBJC_LITERAL_CONVERSION = YES;
				CLANG_WARN_OBJC_ROOT_CLASS = YES_ERROR;
				CLANG_WARN_RANGE_LOOP_ANALYSIS = YES;
				CLANG_WARN_STRICT_PROTOTYPES = YES;
				CLANG_WARN_SUSPICIOUS_MOVE = YES;
				CLANG_WARN_UNGUARDED_AVAILABILITY = YES_AGGRESSIVE;
				CLANG_WARN_UNREACHABLE_CODE = YES;
				CLANG_WARN__DUPLICATE_METHOD_MATCH = YES;
				CODE_SIGN_IDENTITY = "iPhone Developer";
				COPY_PHASE_STRIP = NO;
				DEBUG_INFORMATION_FORMAT = "dwarf-with-dsym";
				ENABLE_NS_ASSERTIONS = NO;
				ENABLE_STRICT_OBJC_MSGSEND = YES;
				GCC_C_LANGUAGE_STANDARD = gnu11;
				GCC_NO_COMMON_BLOCKS = YES;
				GCC_WARN_64_TO_32_BIT_CONVERSION = YES;
				GCC_WARN_ABOUT_RETURN_TYPE = YES_ERROR;
				GCC_WARN_UNDECLARED_SELECTOR = YES;
				GCC_WARN_UNINITIALIZED_AUTOS = YES_AGGRESSIVE;
				GCC_WARN_UNUSED_FUNCTION = YES;
				GCC_WARN_UNUSED_VARIABLE = YES;
				IPHONEOS_DEPLOYMENT_TARGET = 11.2;
				MTL_ENABLE_DEBUG_INFO = NO;
				SDKROOT = iphoneos;
				SWIFT_OPTIMIZATION_LEVEL = "-Owholemodule";
				VALIDATE_PRODUCT = YES;
			};
			name = Release;
		};
		C63D0E062027BAC100C7D5CC /* Debug */ = {
			isa = XCBuildConfiguration;
			buildSettings = {
				ASSETCATALOG_COMPILER_APPICON_NAME = AppIcon;
				CODE_SIGN_STYLE = Automatic;
				INFOPLIST_FILE = TumblrApp/Info.plist;
				LD_RUNPATH_SEARCH_PATHS = "$(inherited) @executable_path/Frameworks";
				PRODUCT_BUNDLE_IDENTIFIER = codepath.TumblrApp;
				PRODUCT_NAME = "$(TARGET_NAME)";
				SWIFT_VERSION = 4.0;
				TARGETED_DEVICE_FAMILY = "1,2";
			};
			name = Debug;
		};
		C63D0E072027BAC100C7D5CC /* Release */ = {
			isa = XCBuildConfiguration;
			buildSettings = {
				ASSETCATALOG_COMPILER_APPICON_NAME = AppIcon;
				CODE_SIGN_STYLE = Automatic;
				INFOPLIST_FILE = TumblrApp/Info.plist;
				LD_RUNPATH_SEARCH_PATHS = "$(inherited) @executable_path/Frameworks";
				PRODUCT_BUNDLE_IDENTIFIER = codepath.TumblrApp;
				PRODUCT_NAME = "$(TARGET_NAME)";
				SWIFT_VERSION = 4.0;
				TARGETED_DEVICE_FAMILY = "1,2";
			};
			name = Release;
		};
		C63D0E092027BAC100C7D5CC /* Debug */ = {
			isa = XCBuildConfiguration;
			buildSettings = {
				ALWAYS_EMBED_SWIFT_STANDARD_LIBRARIES = YES;
				BUNDLE_LOADER = "$(TEST_HOST)";
				CODE_SIGN_STYLE = Automatic;
				INFOPLIST_FILE = TumblrAppTests/Info.plist;
				LD_RUNPATH_SEARCH_PATHS = "$(inherited) @executable_path/Frameworks @loader_path/Frameworks";
				PRODUCT_BUNDLE_IDENTIFIER = codepath.TumblrAppTests;
				PRODUCT_NAME = "$(TARGET_NAME)";
				SWIFT_VERSION = 4.0;
				TARGETED_DEVICE_FAMILY = "1,2";
				TEST_HOST = "$(BUILT_PRODUCTS_DIR)/TumblrApp.app/TumblrApp";
			};
			name = Debug;
		};
		C63D0E0A2027BAC100C7D5CC /* Release */ = {
			isa = XCBuildConfiguration;
			buildSettings = {
				ALWAYS_EMBED_SWIFT_STANDARD_LIBRARIES = YES;
				BUNDLE_LOADER = "$(TEST_HOST)";
				CODE_SIGN_STYLE = Automatic;
				INFOPLIST_FILE = TumblrAppTests/Info.plist;
				LD_RUNPATH_SEARCH_PATHS = "$(inherited) @executable_path/Frameworks @loader_path/Frameworks";
				PRODUCT_BUNDLE_IDENTIFIER = codepath.TumblrAppTests;
				PRODUCT_NAME = "$(TARGET_NAME)";
				SWIFT_VERSION = 4.0;
				TARGETED_DEVICE_FAMILY = "1,2";
				TEST_HOST = "$(BUILT_PRODUCTS_DIR)/TumblrApp.app/TumblrApp";
			};
			name = Release;
		};
		C63D0E0C2027BAC100C7D5CC /* Debug */ = {
			isa = XCBuildConfiguration;
			buildSettings = {
				ALWAYS_EMBED_SWIFT_STANDARD_LIBRARIES = YES;
				CODE_SIGN_STYLE = Automatic;
				INFOPLIST_FILE = TumblrAppUITests/Info.plist;
				LD_RUNPATH_SEARCH_PATHS = "$(inherited) @executable_path/Frameworks @loader_path/Frameworks";
				PRODUCT_BUNDLE_IDENTIFIER = codepath.TumblrAppUITests;
				PRODUCT_NAME = "$(TARGET_NAME)";
				SWIFT_VERSION = 4.0;
				TARGETED_DEVICE_FAMILY = "1,2";
				TEST_TARGET_NAME = TumblrApp;
			};
			name = Debug;
		};
		C63D0E0D2027BAC100C7D5CC /* Release */ = {
			isa = XCBuildConfiguration;
			buildSettings = {
				ALWAYS_EMBED_SWIFT_STANDARD_LIBRARIES = YES;
				CODE_SIGN_STYLE = Automatic;
				INFOPLIST_FILE = TumblrAppUITests/Info.plist;
				LD_RUNPATH_SEARCH_PATHS = "$(inherited) @executable_path/Frameworks @loader_path/Frameworks";
				PRODUCT_BUNDLE_IDENTIFIER = codepath.TumblrAppUITests;
				PRODUCT_NAME = "$(TARGET_NAME)";
				SWIFT_VERSION = 4.0;
				TARGETED_DEVICE_FAMILY = "1,2";
				TEST_TARGET_NAME = TumblrApp;
			};
			name = Release;
		};
/* End XCBuildConfiguration section */

/* Begin XCConfigurationList section */
		C63D0DD82027BAC000C7D5CC /* Build configuration list for PBXProject "TumblrApp" */ = {
			isa = XCConfigurationList;
			buildConfigurations = (
				C63D0E032027BAC100C7D5CC /* Debug */,
				C63D0E042027BAC100C7D5CC /* Release */,
			);
			defaultConfigurationIsVisible = 0;
			defaultConfigurationName = Release;
		};
		C63D0E052027BAC100C7D5CC /* Build configuration list for PBXNativeTarget "TumblrApp" */ = {
			isa = XCConfigurationList;
			buildConfigurations = (
				C63D0E062027BAC100C7D5CC /* Debug */,
				C63D0E072027BAC100C7D5CC /* Release */,
			);
			defaultConfigurationIsVisible = 0;
			defaultConfigurationName = Release;
		};
		C63D0E082027BAC100C7D5CC /* Build configuration list for PBXNativeTarget "TumblrAppTests" */ = {
			isa = XCConfigurationList;
			buildConfigurations = (
				C63D0E092027BAC100C7D5CC /* Debug */,
				C63D0E0A2027BAC100C7D5CC /* Release */,
			);
			defaultConfigurationIsVisible = 0;
			defaultConfigurationName = Release;
		};
		C63D0E0B2027BAC100C7D5CC /* Build configuration list for PBXNativeTarget "TumblrAppUITests" */ = {
			isa = XCConfigurationList;
			buildConfigurations = (
				C63D0E0C2027BAC100C7D5CC /* Debug */,
				C63D0E0D2027BAC100C7D5CC /* Release */,
			);
			defaultConfigurationIsVisible = 0;
			defaultConfigurationName = Release;
		};
/* End XCConfigurationList section */
	};
	rootObject = C63D0DD52027BAC000C7D5CC /* Project object */;
}
